
Microsoft Visual Studio Solution File, Format Version 12.00
# Visual Studio Version 17
VisualStudioVersion = 17.9.34728.123
MinimumVisualStudioVersion = 10.0.40219.1
Project("{FAE04EC0-301F-11D3-BF4B-00C04F79EFBC}") = "ShippingSystem.PL", "ShippingSystem.PL\ShippingSystem.PL.csproj", "{95023A59-1A43-4C23-833D-18D50AC61F31}"
EndProject
Project("{FAE04EC0-301F-11D3-BF4B-00C04F79EFBC}") = "ShippingSystem.DAL", "ShippingSystem.DAL\ShippingSystem.DAL.csproj", "{55A8D393-2790-44E7-B637-3D631BF78A92}"
EndProject
Project("{FAE04EC0-301F-11D3-BF4B-00C04F79EFBC}") = "ShippingSysem.BLL", "ShippingSysem.BLL\ShippingSysem.BLL.csproj", "{5E34D3C2-52C2-436F-AE82-52365FFA7692}"
EndProject
Global
	GlobalSection(SolutionConfigurationPlatforms) = preSolution
		Debug|Any CPU = Debug|Any CPU
		Release|Any CPU = Release|Any CPU
	EndGlobalSection
	GlobalSection(ProjectConfigurationPlatforms) = postSolution
		{95023A59-1A43-4C23-833D-18D50AC61F31}.Debug|Any CPU.ActiveCfg = Debug|Any CPU
		{95023A59-1A43-4C23-833D-18D50AC61F31}.Debug|Any CPU.Build.0 = Debug|Any CPU
		{95023A59-1A43-4C23-833D-18D50AC61F31}.Release|Any CPU.ActiveCfg = Release|Any CPU
		{95023A59-1A43-4C23-833D-18D50AC61F31}.Release|Any CPU.Build.0 = Release|Any CPU
		{55A8D393-2790-44E7-B637-3D631BF78A92}.Debug|Any CPU.ActiveCfg = Debug|Any CPU
		{55A8D393-2790-44E7-B637-3D631BF78A92}.Debug|Any CPU.Build.0 = Debug|Any CPU
		{55A8D393-2790-44E7-B637-3D631BF78A92}.Release|Any CPU.ActiveCfg = Release|Any CPU
		{55A8D393-2790-44E7-B637-3D631BF78A92}.Release|Any CPU.Build.0 = Release|Any CPU
		{5E34D3C2-52C2-436F-AE82-52365FFA7692}.Debug|Any CPU.ActiveCfg = Debug|Any CPU
		{5E34D3C2-52C2-436F-AE82-52365FFA7692}.Debug|Any CPU.Build.0 = Debug|Any CPU
		{5E34D3C2-52C2-436F-AE82-52365FFA7692}.Release|Any CPU.ActiveCfg = Release|Any CPU
		{5E34D3C2-52C2-436F-AE82-52365FFA7692}.Release|Any CPU.Build.0 = Release|Any CPU
	EndGlobalSection
	GlobalSection(SolutionProperties) = preSolution
		HideSolutionNode = FALSE
	EndGlobalSection
	GlobalSection(ExtensibilityGlobals) = postSolution
		SolutionGuid = {4ABC0E76-1C3E-445D-960B-05E9DD866A97}
	EndGlobalSection
EndGlobal
